// !$*UTF8*$!
{
	archiveVersion = 1;
	classes = {
	};
	objectVersion = 55;
	objects = {

/* Begin PBXBuildFile section */
		547547BB27FDC3B3003EC0B9 /* AppDelegate.swift in Sources */ = {isa = PBXBuildFile; fileRef = 547547BA27FDC3B3003EC0B9 /* AppDelegate.swift */; };
		547547BD27FDC3B3003EC0B9 /* SceneDelegate.swift in Sources */ = {isa = PBXBuildFile; fileRef = 547547BC27FDC3B3003EC0B9 /* SceneDelegate.swift */; };
		547547BF27FDC3B3003EC0B9 /* ViewController.swift in Sources */ = {isa = PBXBuildFile; fileRef = 547547BE27FDC3B3003EC0B9 /* ViewController.swift */; };
		547547C227FDC3B3003EC0B9 /* Main.storyboard in Resources */ = {isa = PBXBuildFile; fileRef = 547547C027FDC3B3003EC0B9 /* Main.storyboard */; };
		547547C427FDC3B8003EC0B9 /* Assets.xcassets in Resources */ = {isa = PBXBuildFile; fileRef = 547547C327FDC3B8003EC0B9 /* Assets.xcassets */; };
		547547C727FDC3B8003EC0B9 /* LaunchScreen.storyboard in Resources */ = {isa = PBXBuildFile; fileRef = 547547C527FDC3B8003EC0B9 /* LaunchScreen.storyboard */; };
		547547CF27FDC41A003EC0B9 /* SimilarityRecognizer.swift in Sources */ = {isa = PBXBuildFile; fileRef = 547547CE27FDC41A003EC0B9 /* SimilarityRecognizer.swift */; };
/* End PBXBuildFile section */

/* Begin PBXFileReference section */
		547547B727FDC3B3003EC0B9 /* Text-Similarities.app */ = {isa = PBXFileReference; explicitFileType = wrapper.application; includeInIndex = 0; path = "Text-Similarities.app"; sourceTree = BUILT_PRODUCTS_DIR; };
		547547BA27FDC3B3003EC0B9 /* AppDelegate.swift */ = {isa = PBXFileReference; lastKnownFileType = sourcecode.swift; path = AppDelegate.swift; sourceTree = "<group>"; };
		547547BC27FDC3B3003EC0B9 /* SceneDelegate.swift */ = {isa = PBXFileReference; lastKnownFileType = sourcecode.swift; path = SceneDelegate.swift; sourceTree = "<group>"; };
		547547BE27FDC3B3003EC0B9 /* ViewController.swift */ = {isa = PBXFileReference; lastKnownFileType = sourcecode.swift; path = ViewController.swift; sourceTree = "<group>"; };
		547547C127FDC3B3003EC0B9 /* Base */ = {isa = PBXFileReference; lastKnownFileType = file.storyboard; name = Base; path = Base.lproj/Main.storyboard; sourceTree = "<group>"; };
		547547C327FDC3B8003EC0B9 /* Assets.xcassets */ = {isa = PBXFileReference; lastKnownFileType = folder.assetcatalog; path = Assets.xcassets; sourceTree = "<group>"; };
		547547C627FDC3B8003EC0B9 /* Base */ = {isa = PBXFileReference; lastKnownFileType = file.storyboard; name = Base; path = Base.lproj/LaunchScreen.storyboard; sourceTree = "<group>"; };
		547547C827FDC3B8003EC0B9 /* Info.plist */ = {isa = PBXFileReference; lastKnownFileType = text.plist.xml; path = Info.plist; sourceTree = "<group>"; };
		547547CE27FDC41A003EC0B9 /* SimilarityRecognizer.swift */ = {isa = PBXFileReference; lastKnownFileType = sourcecode.swift; path = SimilarityRecognizer.swift; sourceTree = "<group>"; };
/* End PBXFileReference section */

/* Begin PBXFrameworksBuildPhase section */
		547547B427FDC3B3003EC0B9 /* Frameworks */ = {
			isa = PBXFrameworksBuildPhase;
			buildActionMask = 2147483647;
			files = (
			);
			runOnlyForDeploymentPostprocessing = 0;
		};
/* End PBXFrameworksBuildPhase section */

/* Begin PBXGroup section */
		547547AE27FDC3B3003EC0B9 = {
			isa = PBXGroup;
			children = (
				547547B927FDC3B3003EC0B9 /* Text-Similarities */,
				547547B827FDC3B3003EC0B9 /* Products */,
			);
			sourceTree = "<group>";
		};
		547547B827FDC3B3003EC0B9 /* Products */ = {
			isa = PBXGroup;
			children = (
				547547B727FDC3B3003EC0B9 /* Text-Similarities.app */,
			);
			name = Products;
			sourceTree = "<group>";
		};
		547547B927FDC3B3003EC0B9 /* Text-Similarities */ = {
			isa = PBXGroup;
			children = (
				547547BA27FDC3B3003EC0B9 /* AppDelegate.swift */,
				547547BC27FDC3B3003EC0B9 /* SceneDelegate.swift */,
				547547BE27FDC3B3003EC0B9 /* ViewController.swift */,
				547547CE27FDC41A003EC0B9 /* SimilarityRecognizer.swift */,
				547547C027FDC3B3003EC0B9 /* Main.storyboard */,
				547547C327FDC3B8003EC0B9 /* Assets.xcassets */,
				547547C527FDC3B8003EC0B9 /* LaunchScreen.storyboard */,
				547547C827FDC3B8003EC0B9 /* Info.plist */,
			);
			path = "Text-Similarities";
			sourceTree = "<group>";
		};
/* End PBXGroup section */

/* Begin PBXNativeTarget section */
		547547B627FDC3B3003EC0B9 /* Text-Similarities */ = {
			isa = PBXNativeTarget;
			buildConfigurationList = 547547CB27FDC3B8003EC0B9 /* Build configuration list for PBXNativeTarget "Text-Similarities" */;
			buildPhases = (
				547547B327FDC3B3003EC0B9 /* Sources */,
				547547B427FDC3B3003EC0B9 /* Frameworks */,
				547547B527FDC3B3003EC0B9 /* Resources */,
			);
			buildRules = (
			);
			dependencies = (
			);
			name = "Text-Similarities";
			productName = "Text-Similarities";
			productReference = 547547B727FDC3B3003EC0B9 /* Text-Similarities.app */;
			productType = "com.apple.product-type.application";
		};
/* End PBXNativeTarget section */

/* Begin PBXProject section */
		547547AF27FDC3B3003EC0B9 /* Project object */ = {
			isa = PBXProject;
			attributes = {
				BuildIndependentTargetsInParallel = 1;
				LastSwiftUpdateCheck = 1330;
				LastUpgradeCheck = 1330;
				TargetAttributes = {
					547547B627FDC3B3003EC0B9 = {
						CreatedOnToolsVersion = 13.3;
					};
				};
			};
			buildConfigurationList = 547547B227FDC3B3003EC0B9 /* Build configuration list for PBXProject "Text-Similarities" */;
			compatibilityVersion = "Xcode 13.0";
			developmentRegion = en;
			hasScannedForEncodings = 0;
			knownRegions = (
				en,
				Base,
			);
			mainGroup = 547547AE27FDC3B3003EC0B9;
			productRefGroup = 547547B827FDC3B3003EC0B9 /* Products */;
			projectDirPath = "";
			projectRoot = "";
			targets = (
				547547B627FDC3B3003EC0B9 /* Text-Similarities */,
			);
		};
/* End PBXProject section */

/* Begin PBXResourcesBuildPhase section */
		547547B527FDC3B3003EC0B9 /* Resources */ = {
			isa = PBXResourcesBuildPhase;
			buildActionMask = 2147483647;
			files = (
				547547C727FDC3B8003EC0B9 /* LaunchScreen.storyboard in Resources */,
				547547C427FDC3B8003EC0B9 /* Assets.xcassets in Resources */,
				547547C227FDC3B3003EC0B9 /* Main.storyboard in Resources */,
			);
			runOnlyForDeploymentPostprocessing = 0;
		};
/* End PBXResourcesBuildPhase section */

/* Begin PBXSourcesBuildPhase section */
		547547B327FDC3B3003EC0B9 /* Sources */ = {
			isa = PBXSourcesBuildPhase;
			buildActionMask = 2147483647;
			files = (
				547547CF27FDC41A003EC0B9 /* SimilarityRecognizer.swift in Sources */,
				547547BF27FDC3B3003EC0B9 /* ViewController.swift in Sources */,
				547547BB27FDC3B3003EC0B9 /* AppDelegate.swift in Sources */,
				547547BD27FDC3B3003EC0B9 /* SceneDelegate.swift in Sources */,
			);
			runOnlyForDeploymentPostprocessing = 0;
		};
/* End PBXSourcesBuildPhase section */

/* Begin PBXVariantGroup section */
		547547C027FDC3B3003EC0B9 /* Main.storyboard */ = {
			isa = PBXVariantGroup;
			children = (
				547547C127FDC3B3003EC0B9 /* Base */,
			);
			name = Main.storyboard;
			sourceTree = "<group>";
		};
		547547C527FDC3B8003EC0B9 /* LaunchScreen.storyboard */ = {
			isa = PBXVariantGroup;
			children = (
				547547C627FDC3B8003EC0B9 /* Base */,
			);
			name = LaunchScreen.storyboard;
			sourceTree = "<group>";
		};
/* End PBXVariantGroup section */

/* Begin XCBuildConfiguration section */
		547547C927FDC3B8003EC0B9 /* Debug */ = {
			isa = XCBuildConfiguration;
			buildSettings = {
				ALWAYS_SEARCH_USER_PATHS = NO;
				CLANG_ANALYZER_NONNULL = YES;
				CLANG_ANALYZER_NUMBER_OBJECT_CONVERSION = YES_AGGRESSIVE;
				CLANG_CXX_LANGUAGE_STANDARD = "gnu++17";
				CLANG_ENABLE_MODULES = YES;
				CLANG_ENABLE_OBJC_ARC = YES;
				CLANG_ENABLE_OBJC_WEAK = YES;
				CLANG_WARN_BLOCK_CAPTURE_AUTORELEASING = YES;
				CLANG_WARN_BOOL_CONVERSION = YES;
				CLANG_WARN_COMMA = YES;
				CLANG_WARN_CONSTANT_CONVERSION = YES;
				CLANG_WARN_DEPRECATED_OBJC_IMPLEMENTATIONS = YES;
				CLANG_WARN_DIRECT_OBJC_ISA_USAGE = YES_ERROR;
				CLANG_WARN_DOCUMENTATION_COMMENTS = YES;
				CLANG_WARN_EMPTY_BODY = YES;
				CLANG_WARN_ENUM_CONVERSION = YES;
				CLANG_WARN_INFINITE_RECURSION = YES;
				CLANG_WARN_INT_CONVERSION = YES;
				CLANG_WARN_NON_LITERAL_NULL_CONVERSION = YES;
				CLANG_WARN_OBJC_IMPLICIT_RETAIN_SELF = YES;
				CLANG_WARN_OBJC_LITERAL_CONVERSION = YES;
				CLANG_WARN_OBJC_ROOT_CLASS = YES_ERROR;
				CLANG_WARN_QUOTED_INCLUDE_IN_FRAMEWORK_HEADER = YES;
				CLANG_WARN_RANGE_LOOP_ANALYSIS = YES;
				CLANG_WARN_STRICT_PROTOTYPES = YES;
				CLANG_WARN_SUSPICIOUS_MOVE = YES;
				CLANG_WARN_UNGUARDED_AVAILABILITY = YES_AGGRESSIVE;
				CLANG_WARN_UNREACHABLE_CODE = YES;
				CLANG_WARN__DUPLICATE_METHOD_MATCH = YES;
				COPY_PHASE_STRIP = NO;
				DEBUG_INFORMATION_FORMAT = dwarf;
				ENABLE_STRICT_OBJC_MSGSEND = YES;
				ENABLE_TESTABILITY = YES;
				GCC_C_LANGUAGE_STANDARD = gnu11;
				GCC_DYNAMIC_NO_PIC = NO;
				GCC_NO_COMMON_BLOCKS = YES;
				GCC_OPTIMIZATION_LEVEL = 0;
				GCC_PREPROCESSOR_DEFINITIONS = (
					"DEBUG=1",
					"$(inherited)",
				);
				GCC_WARN_64_TO_32_BIT_CONVERSION = YES;
				GCC_WARN_ABOUT_RETURN_TYPE = YES_ERROR;
				GCC_WARN_UNDECLARED_SELECTOR = YES;
				GCC_WARN_UNINITIALIZED_AUTOS = YES_AGGRESSIVE;
				GCC_WARN_UNUSED_FUNCTION = YES;
				GCC_WARN_UNUSED_VARIABLE = YES;
				IPHONEOS_DEPLOYMENT_TARGET = 15.4;
				MTL_ENABLE_DEBUG_INFO = INCLUDE_SOURCE;
				MTL_FAST_MATH = YES;
				ONLY_ACTIVE_ARCH = YES;
				SDKROOT = iphoneos;
				SWIFT_ACTIVE_COMPILATION_CONDITIONS = DEBUG;
				SWIFT_OPTIMIZATION_LEVEL = "-Onone";
			};
			name = Debug;
		};
		547547CA27FDC3B8003EC0B9 /* Release */ = {
			isa = XCBuildConfiguration;
			buildSettings = {
				ALWAYS_SEARCH_USER_PATHS = NO;
				CLANG_ANALYZER_NONNULL = YES;
				CLANG_ANALYZER_NUMBER_OBJECT_CONVERSION = YES_AGGRESSIVE;
				CLANG_CXX_LANGUAGE_STANDARD = "gnu++17";
				CLANG_ENABLE_MODULES = YES;
				CLANG_ENABLE_OBJC_ARC = YES;
				CLANG_ENABLE_OBJC_WEAK = YES;
				CLANG_WARN_BLOCK_CAPTURE_AUTORELEASING = YES;
				CLANG_WARN_BOOL_CONVERSION = YES;
				CLANG_WARN_COMMA = YES;
				CLANG_WARN_CONSTANT_CONVERSION = YES;
				CLANG_WARN_DEPRECATED_OBJC_IMPLEMENTATIONS = YES;
				CLANG_WARN_DIRECT_OBJC_ISA_USAGE = YES_ERROR;
				CLANG_WARN_DOCUMENTATION_COMMENTS = YES;
				CLANG_WARN_EMPTY_BODY = YES;
				CLANG_WARN_ENUM_CONVERSION = YES;
				CLANG_WARN_INFINITE_RECURSION = YES;
				CLANG_WARN_INT_CONVERSION = YES;
				CLANG_WARN_NON_LITERAL_NULL_CONVERSION = YES;
				CLANG_WARN_OBJC_IMPLICIT_RETAIN_SELF = YES;
				CLANG_WARN_OBJC_LITERAL_CONVERSION = YES;
				CLANG_WARN_OBJC_ROOT_CLASS = YES_ERROR;
				CLANG_WARN_QUOTED_INCLUDE_IN_FRAMEWORK_HEADER = YES;
				CLANG_WARN_RANGE_LOOP_ANALYSIS = YES;
				CLANG_WARN_STRICT_PROTOTYPES = YES;
				CLANG_WARN_SUSPICIOUS_MOVE = YES;
				CLANG_WARN_UNGUARDED_AVAILABILITY = YES_AGGRESSIVE;
				CLANG_WARN_UNREACHABLE_CODE = YES;
				CLANG_WARN__DUPLICATE_METHOD_MATCH = YES;
				COPY_PHASE_STRIP = NO;
				DEBUG_INFORMATION_FORMAT = "dwarf-with-dsym";
				ENABLE_NS_ASSERTIONS = NO;
				ENABLE_STRICT_OBJC_MSGSEND = YES;
				GCC_C_LANGUAGE_STANDARD = gnu11;
				GCC_NO_COMMON_BLOCKS = YES;
				GCC_WARN_64_TO_32_BIT_CONVERSION = YES;
				GCC_WARN_ABOUT_RETURN_TYPE = YES_ERROR;
				GCC_WARN_UNDECLARED_SELECTOR = YES;
				GCC_WARN_UNINITIALIZED_AUTOS = YES_AGGRESSIVE;
				GCC_WARN_UNUSED_FUNCTION = YES;
				GCC_WARN_UNUSED_VARIABLE = YES;
				IPHONEOS_DEPLOYMENT_TARGET = 15.4;
				MTL_ENABLE_DEBUG_INFO = NO;
				MTL_FAST_MATH = YES;
				SDKROOT = iphoneos;
				SWIFT_COMPILATION_MODE = wholemodule;
				SWIFT_OPTIMIZATION_LEVEL = "-O";
				VALIDATE_PRODUCT = YES;
			};
			name = Release;
		};
		547547CC27FDC3B8003EC0B9 /* Debug */ = {
			isa = XCBuildConfiguration;
			buildSettings = {
				ASSETCATALOG_COMPILER_APPICON_NAME = AppIcon;
				ASSETCATALOG_COMPILER_GLOBAL_ACCENT_COLOR_NAME = AccentColor;
				CODE_SIGN_STYLE = Automatic;
				CURRENT_PROJECT_VERSION = 1;
				GENERATE_INFOPLIST_FILE = YES;
				INFOPLIST_FILE = "Text-Similarities/Info.plist";
				INFOPLIST_KEY_UIApplicationSupportsIndirectInputEvents = YES;
				INFOPLIST_KEY_UILaunchStoryboardName = LaunchScreen;
				INFOPLIST_KEY_UIMainStoryboardFile = Main;
				INFOPLIST_KEY_UISupportedInterfaceOrientations_iPad = "UIInterfaceOrientationPortrait UIInterfaceOrientationPortraitUpsideDown UIInterfaceOrientationLandscapeLeft UIInterfaceOrientationLandscapeRight";
				INFOPLIST_KEY_UISupportedInterfaceOrientations_iPhone = "UIInterfaceOrientationPortrait UIInterfaceOrientationLandscapeLeft UIInterfaceOrientationLandscapeRight";
				LD_RUNPATH_SEARCH_PATHS = (
					"$(inherited)",
					"@executable_path/Frameworks",
				);
				MARKETING_VERSION = 1.0;
				PRODUCT_BUNDLE_IDENTIFIER = "com.sophieimhof.Text-Similarities";
				PRODUCT_NAME = "$(TARGET_NAME)";
				SWIFT_EMIT_LOC_STRINGS = YES;
				SWIFT_VERSION = 5.0;
				TARGETED_DEVICE_FAMILY = "1,2";
			};
			name = Debug;
		};
		547547CD27FDC3B8003EC0B9 /* Release */ = {
			isa = XCBuildConfiguration;
			buildSettings = {
				ASSETCATALOG_COMPILER_APPICON_NAME = AppIcon;
				ASSETCATALOG_COMPILER_GLOBAL_ACCENT_COLOR_NAME = AccentColor;
				CODE_SIGN_STYLE = Automatic;
				CURRENT_PROJECT_VERSION = 1;
				GENERATE_INFOPLIST_FILE = YES;
				INFOPLIST_FILE = "Text-Similarities/Info.plist";
				INFOPLIST_KEY_UIApplicationSupportsIndirectInputEvents = YES;
				INFOPLIST_KEY_UILaunchStoryboardName = LaunchScreen;
				INFOPLIST_KEY_UIMainStoryboardFile = Main;
				INFOPLIST_KEY_UISupportedInterfaceOrientations_iPad = "UIInterfaceOrientationPortrait UIInterfaceOrientationPortraitUpsideDown UIInterfaceOrientationLandscapeLeft UIInterfaceOrientationLandscapeRight";
				INFOPLIST_KEY_UISupportedInterfaceOrientations_iPhone = "UIInterfaceOrientationPortrait UIInterfaceOrientationLandscapeLeft UIInterfaceOrientationLandscapeRight";
				LD_RUNPATH_SEARCH_PATHS = (
					"$(inherited)",
					"@executable_path/Frameworks",
				);
				MARKETING_VERSION = 1.0;
				PRODUCT_BUNDLE_IDENTIFIER = "com.sophieimhof.Text-Similarities";
				PRODUCT_NAME = "$(TARGET_NAME)";
				SWIFT_EMIT_LOC_STRINGS = YES;
				SWIFT_VERSION = 5.0;
				TARGETED_DEVICE_FAMILY = "1,2";
			};
			name = Release;
		};
/* End XCBuildConfiguration section */

/* Begin XCConfigurationList section */
		547547B227FDC3B3003EC0B9 /* Build configuration list for PBXProject "Text-Similarities" */ = {
			isa = XCConfigurationList;
			buildConfigurations = (
				547547C927FDC3B8003EC0B9 /* Debug */,
				547547CA27FDC3B8003EC0B9 /* Release */,
			);
			defaultConfigurationIsVisible = 0;
			defaultConfigurationName = Release;
		};
		547547CB27FDC3B8003EC0B9 /* Build configuration list for PBXNativeTarget "Text-Similarities" */ = {
			isa = XCConfigurationList;
			buildConfigurations = (
				547547CC27FDC3B8003EC0B9 /* Debug */,
				547547CD27FDC3B8003EC0B9 /* Release */,
			);
			defaultConfigurationIsVisible = 0;
			defaultConfigurationName = Release;
		};
/* End XCConfigurationList section */
	};
	rootObject = 547547AF27FDC3B3003EC0B9 /* Project object */;
}
