// !$*UTF8*$!
{
	archiveVersion = 1;
	classes = {
	};
	objectVersion = 55;
	objects = {

/* Begin PBXBuildFile section */
		54774F3027F24D0F00E1ECEE /* AppDelegate.swift in Sources */ = {isa = PBXBuildFile; fileRef = 54774F2F27F24D0F00E1ECEE /* AppDelegate.swift */; };
		54774F3227F24D0F00E1ECEE /* SceneDelegate.swift in Sources */ = {isa = PBXBuildFile; fileRef = 54774F3127F24D0F00E1ECEE /* SceneDelegate.swift */; };
		54774F3427F24D0F00E1ECEE /* ViewController.swift in Sources */ = {isa = PBXBuildFile; fileRef = 54774F3327F24D0F00E1ECEE /* ViewController.swift */; };
		54774F3727F24D0F00E1ECEE /* Main.storyboard in Resources */ = {isa = PBXBuildFile; fileRef = 54774F3527F24D0F00E1ECEE /* Main.storyboard */; };
		54774F3927F24D1100E1ECEE /* Assets.xcassets in Resources */ = {isa = PBXBuildFile; fileRef = 54774F3827F24D1100E1ECEE /* Assets.xcassets */; };
		54774F3C27F24D1100E1ECEE /* LaunchScreen.storyboard in Resources */ = {isa = PBXBuildFile; fileRef = 54774F3A27F24D1100E1ECEE /* LaunchScreen.storyboard */; };
		54774F4427F24DA300E1ECEE /* TokenizeText.swift in Sources */ = {isa = PBXBuildFile; fileRef = 54774F4327F24DA300E1ECEE /* TokenizeText.swift */; };
/* End PBXBuildFile section */

/* Begin PBXFileReference section */
		54774F2C27F24D0F00E1ECEE /* TokenizeText.app */ = {isa = PBXFileReference; explicitFileType = wrapper.application; includeInIndex = 0; path = TokenizeText.app; sourceTree = BUILT_PRODUCTS_DIR; };
		54774F2F27F24D0F00E1ECEE /* AppDelegate.swift */ = {isa = PBXFileReference; lastKnownFileType = sourcecode.swift; path = AppDelegate.swift; sourceTree = "<group>"; };
		54774F3127F24D0F00E1ECEE /* SceneDelegate.swift */ = {isa = PBXFileReference; lastKnownFileType = sourcecode.swift; path = SceneDelegate.swift; sourceTree = "<group>"; };
		54774F3327F24D0F00E1ECEE /* ViewController.swift */ = {isa = PBXFileReference; lastKnownFileType = sourcecode.swift; path = ViewController.swift; sourceTree = "<group>"; };
		54774F3627F24D0F00E1ECEE /* Base */ = {isa = PBXFileReference; lastKnownFileType = file.storyboard; name = Base; path = Base.lproj/Main.storyboard; sourceTree = "<group>"; };
		54774F3827F24D1100E1ECEE /* Assets.xcassets */ = {isa = PBXFileReference; lastKnownFileType = folder.assetcatalog; path = Assets.xcassets; sourceTree = "<group>"; };
		54774F3B27F24D1100E1ECEE /* Base */ = {isa = PBXFileReference; lastKnownFileType = file.storyboard; name = Base; path = Base.lproj/LaunchScreen.storyboard; sourceTree = "<group>"; };
		54774F3D27F24D1100E1ECEE /* Info.plist */ = {isa = PBXFileReference; lastKnownFileType = text.plist.xml; path = Info.plist; sourceTree = "<group>"; };
		54774F4327F24DA300E1ECEE /* TokenizeText.swift */ = {isa = PBXFileReference; lastKnownFileType = sourcecode.swift; path = TokenizeText.swift; sourceTree = "<group>"; };
/* End PBXFileReference section */

/* Begin PBXFrameworksBuildPhase section */
		54774F2927F24D0F00E1ECEE /* Frameworks */ = {
			isa = PBXFrameworksBuildPhase;
			buildActionMask = 2147483647;
			files = (
			);
			runOnlyForDeploymentPostprocessing = 0;
		};
/* End PBXFrameworksBuildPhase section */

/* Begin PBXGroup section */
		54774F2327F24D0F00E1ECEE = {
			isa = PBXGroup;
			children = (
				54774F2E27F24D0F00E1ECEE /* TokenizeText */,
				54774F2D27F24D0F00E1ECEE /* Products */,
			);
			sourceTree = "<group>";
		};
		54774F2D27F24D0F00E1ECEE /* Products */ = {
			isa = PBXGroup;
			children = (
				54774F2C27F24D0F00E1ECEE /* TokenizeText.app */,
			);
			name = Products;
			sourceTree = "<group>";
		};
		54774F2E27F24D0F00E1ECEE /* TokenizeText */ = {
			isa = PBXGroup;
			children = (
				54774F4327F24DA300E1ECEE /* TokenizeText.swift */,
				54774F2F27F24D0F00E1ECEE /* AppDelegate.swift */,
				54774F3127F24D0F00E1ECEE /* SceneDelegate.swift */,
				54774F3327F24D0F00E1ECEE /* ViewController.swift */,
				54774F3527F24D0F00E1ECEE /* Main.storyboard */,
				54774F3827F24D1100E1ECEE /* Assets.xcassets */,
				54774F3A27F24D1100E1ECEE /* LaunchScreen.storyboard */,
				54774F3D27F24D1100E1ECEE /* Info.plist */,
			);
			path = TokenizeText;
			sourceTree = "<group>";
		};
/* End PBXGroup section */

/* Begin PBXNativeTarget section */
		54774F2B27F24D0F00E1ECEE /* TokenizeText */ = {
			isa = PBXNativeTarget;
			buildConfigurationList = 54774F4027F24D1100E1ECEE /* Build configuration list for PBXNativeTarget "TokenizeText" */;
			buildPhases = (
				54774F2827F24D0F00E1ECEE /* Sources */,
				54774F2927F24D0F00E1ECEE /* Frameworks */,
				54774F2A27F24D0F00E1ECEE /* Resources */,
			);
			buildRules = (
			);
			dependencies = (
			);
			name = TokenizeText;
			productName = TokenizeText;
			productReference = 54774F2C27F24D0F00E1ECEE /* TokenizeText.app */;
			productType = "com.apple.product-type.application";
		};
/* End PBXNativeTarget section */

/* Begin PBXProject section */
		54774F2427F24D0F00E1ECEE /* Project object */ = {
			isa = PBXProject;
			attributes = {
				BuildIndependentTargetsInParallel = 1;
				LastSwiftUpdateCheck = 1330;
				LastUpgradeCheck = 1330;
				TargetAttributes = {
					54774F2B27F24D0F00E1ECEE = {
						CreatedOnToolsVersion = 13.3;
					};
				};
			};
			buildConfigurationList = 54774F2727F24D0F00E1ECEE /* Build configuration list for PBXProject "TokenizeText" */;
			compatibilityVersion = "Xcode 13.0";
			developmentRegion = en;
			hasScannedForEncodings = 0;
			knownRegions = (
				en,
				Base,
			);
			mainGroup = 54774F2327F24D0F00E1ECEE;
			productRefGroup = 54774F2D27F24D0F00E1ECEE /* Products */;
			projectDirPath = "";
			projectRoot = "";
			targets = (
				54774F2B27F24D0F00E1ECEE /* TokenizeText */,
			);
		};
/* End PBXProject section */

/* Begin PBXResourcesBuildPhase section */
		54774F2A27F24D0F00E1ECEE /* Resources */ = {
			isa = PBXResourcesBuildPhase;
			buildActionMask = 2147483647;
			files = (
				54774F3C27F24D1100E1ECEE /* LaunchScreen.storyboard in Resources */,
				54774F3927F24D1100E1ECEE /* Assets.xcassets in Resources */,
				54774F3727F24D0F00E1ECEE /* Main.storyboard in Resources */,
			);
			runOnlyForDeploymentPostprocessing = 0;
		};
/* End PBXResourcesBuildPhase section */

/* Begin PBXSourcesBuildPhase section */
		54774F2827F24D0F00E1ECEE /* Sources */ = {
			isa = PBXSourcesBuildPhase;
			buildActionMask = 2147483647;
			files = (
				54774F3427F24D0F00E1ECEE /* ViewController.swift in Sources */,
				54774F3027F24D0F00E1ECEE /* AppDelegate.swift in Sources */,
				54774F3227F24D0F00E1ECEE /* SceneDelegate.swift in Sources */,
				54774F4427F24DA300E1ECEE /* TokenizeText.swift in Sources */,
			);
			runOnlyForDeploymentPostprocessing = 0;
		};
/* End PBXSourcesBuildPhase section */

/* Begin PBXVariantGroup section */
		54774F3527F24D0F00E1ECEE /* Main.storyboard */ = {
			isa = PBXVariantGroup;
			children = (
				54774F3627F24D0F00E1ECEE /* Base */,
			);
			name = Main.storyboard;
			sourceTree = "<group>";
		};
		54774F3A27F24D1100E1ECEE /* LaunchScreen.storyboard */ = {
			isa = PBXVariantGroup;
			children = (
				54774F3B27F24D1100E1ECEE /* Base */,
			);
			name = LaunchScreen.storyboard;
			sourceTree = "<group>";
		};
/* End PBXVariantGroup section */

/* Begin XCBuildConfiguration section */
		54774F3E27F24D1100E1ECEE /* Debug */ = {
			isa = XCBuildConfiguration;
			buildSettings = {
				ALWAYS_SEARCH_USER_PATHS = NO;
				CLANG_ANALYZER_NONNULL = YES;
				CLANG_ANALYZER_NUMBER_OBJECT_CONVERSION = YES_AGGRESSIVE;
				CLANG_CXX_LANGUAGE_STANDARD = "gnu++17";
				CLANG_ENABLE_MODULES = YES;
				CLANG_ENABLE_OBJC_ARC = YES;
				CLANG_ENABLE_OBJC_WEAK = YES;
				CLANG_WARN_BLOCK_CAPTURE_AUTORELEASING = YES;
				CLANG_WARN_BOOL_CONVERSION = YES;
				CLANG_WARN_COMMA = YES;
				CLANG_WARN_CONSTANT_CONVERSION = YES;
				CLANG_WARN_DEPRECATED_OBJC_IMPLEMENTATIONS = YES;
				CLANG_WARN_DIRECT_OBJC_ISA_USAGE = YES_ERROR;
				CLANG_WARN_DOCUMENTATION_COMMENTS = YES;
				CLANG_WARN_EMPTY_BODY = YES;
				CLANG_WARN_ENUM_CONVERSION = YES;
				CLANG_WARN_INFINITE_RECURSION = YES;
				CLANG_WARN_INT_CONVERSION = YES;
				CLANG_WARN_NON_LITERAL_NULL_CONVERSION = YES;
				CLANG_WARN_OBJC_IMPLICIT_RETAIN_SELF = YES;
				CLANG_WARN_OBJC_LITERAL_CONVERSION = YES;
				CLANG_WARN_OBJC_ROOT_CLASS = YES_ERROR;
				CLANG_WARN_QUOTED_INCLUDE_IN_FRAMEWORK_HEADER = YES;
				CLANG_WARN_RANGE_LOOP_ANALYSIS = YES;
				CLANG_WARN_STRICT_PROTOTYPES = YES;
				CLANG_WARN_SUSPICIOUS_MOVE = YES;
				CLANG_WARN_UNGUARDED_AVAILABILITY = YES_AGGRESSIVE;
				CLANG_WARN_UNREACHABLE_CODE = YES;
				CLANG_WARN__DUPLICATE_METHOD_MATCH = YES;
				COPY_PHASE_STRIP = NO;
				DEBUG_INFORMATION_FORMAT = dwarf;
				ENABLE_STRICT_OBJC_MSGSEND = YES;
				ENABLE_TESTABILITY = YES;
				GCC_C_LANGUAGE_STANDARD = gnu11;
				GCC_DYNAMIC_NO_PIC = NO;
				GCC_NO_COMMON_BLOCKS = YES;
				GCC_OPTIMIZATION_LEVEL = 0;
				GCC_PREPROCESSOR_DEFINITIONS = (
					"DEBUG=1",
					"$(inherited)",
				);
				GCC_WARN_64_TO_32_BIT_CONVERSION = YES;
				GCC_WARN_ABOUT_RETURN_TYPE = YES_ERROR;
				GCC_WARN_UNDECLARED_SELECTOR = YES;
				GCC_WARN_UNINITIALIZED_AUTOS = YES_AGGRESSIVE;
				GCC_WARN_UNUSED_FUNCTION = YES;
				GCC_WARN_UNUSED_VARIABLE = YES;
				IPHONEOS_DEPLOYMENT_TARGET = 15.4;
				MTL_ENABLE_DEBUG_INFO = INCLUDE_SOURCE;
				MTL_FAST_MATH = YES;
				ONLY_ACTIVE_ARCH = YES;
				SDKROOT = iphoneos;
				SWIFT_ACTIVE_COMPILATION_CONDITIONS = DEBUG;
				SWIFT_OPTIMIZATION_LEVEL = "-Onone";
			};
			name = Debug;
		};
		54774F3F27F24D1100E1ECEE /* Release */ = {
			isa = XCBuildConfiguration;
			buildSettings = {
				ALWAYS_SEARCH_USER_PATHS = NO;
				CLANG_ANALYZER_NONNULL = YES;
				CLANG_ANALYZER_NUMBER_OBJECT_CONVERSION = YES_AGGRESSIVE;
				CLANG_CXX_LANGUAGE_STANDARD = "gnu++17";
				CLANG_ENABLE_MODULES = YES;
				CLANG_ENABLE_OBJC_ARC = YES;
				CLANG_ENABLE_OBJC_WEAK = YES;
				CLANG_WARN_BLOCK_CAPTURE_AUTORELEASING = YES;
				CLANG_WARN_BOOL_CONVERSION = YES;
				CLANG_WARN_COMMA = YES;
				CLANG_WARN_CONSTANT_CONVERSION = YES;
				CLANG_WARN_DEPRECATED_OBJC_IMPLEMENTATIONS = YES;
				CLANG_WARN_DIRECT_OBJC_ISA_USAGE = YES_ERROR;
				CLANG_WARN_DOCUMENTATION_COMMENTS = YES;
				CLANG_WARN_EMPTY_BODY = YES;
				CLANG_WARN_ENUM_CONVERSION = YES;
				CLANG_WARN_INFINITE_RECURSION = YES;
				CLANG_WARN_INT_CONVERSION = YES;
				CLANG_WARN_NON_LITERAL_NULL_CONVERSION = YES;
				CLANG_WARN_OBJC_IMPLICIT_RETAIN_SELF = YES;
				CLANG_WARN_OBJC_LITERAL_CONVERSION = YES;
				CLANG_WARN_OBJC_ROOT_CLASS = YES_ERROR;
				CLANG_WARN_QUOTED_INCLUDE_IN_FRAMEWORK_HEADER = YES;
				CLANG_WARN_RANGE_LOOP_ANALYSIS = YES;
				CLANG_WARN_STRICT_PROTOTYPES = YES;
				CLANG_WARN_SUSPICIOUS_MOVE = YES;
				CLANG_WARN_UNGUARDED_AVAILABILITY = YES_AGGRESSIVE;
				CLANG_WARN_UNREACHABLE_CODE = YES;
				CLANG_WARN__DUPLICATE_METHOD_MATCH = YES;
				COPY_PHASE_STRIP = NO;
				DEBUG_INFORMATION_FORMAT = "dwarf-with-dsym";
				ENABLE_NS_ASSERTIONS = NO;
				ENABLE_STRICT_OBJC_MSGSEND = YES;
				GCC_C_LANGUAGE_STANDARD = gnu11;
				GCC_NO_COMMON_BLOCKS = YES;
				GCC_WARN_64_TO_32_BIT_CONVERSION = YES;
				GCC_WARN_ABOUT_RETURN_TYPE = YES_ERROR;
				GCC_WARN_UNDECLARED_SELECTOR = YES;
				GCC_WARN_UNINITIALIZED_AUTOS = YES_AGGRESSIVE;
				GCC_WARN_UNUSED_FUNCTION = YES;
				GCC_WARN_UNUSED_VARIABLE = YES;
				IPHONEOS_DEPLOYMENT_TARGET = 15.4;
				MTL_ENABLE_DEBUG_INFO = NO;
				MTL_FAST_MATH = YES;
				SDKROOT = iphoneos;
				SWIFT_COMPILATION_MODE = wholemodule;
				SWIFT_OPTIMIZATION_LEVEL = "-O";
				VALIDATE_PRODUCT = YES;
			};
			name = Release;
		};
		54774F4127F24D1100E1ECEE /* Debug */ = {
			isa = XCBuildConfiguration;
			buildSettings = {
				ASSETCATALOG_COMPILER_APPICON_NAME = AppIcon;
				ASSETCATALOG_COMPILER_GLOBAL_ACCENT_COLOR_NAME = AccentColor;
				CODE_SIGN_STYLE = Automatic;
				CURRENT_PROJECT_VERSION = 1;
				GENERATE_INFOPLIST_FILE = YES;
				INFOPLIST_FILE = TokenizeText/Info.plist;
				INFOPLIST_KEY_UIApplicationSupportsIndirectInputEvents = YES;
				INFOPLIST_KEY_UILaunchStoryboardName = LaunchScreen;
				INFOPLIST_KEY_UIMainStoryboardFile = Main;
				INFOPLIST_KEY_UISupportedInterfaceOrientations_iPad = "UIInterfaceOrientationPortrait UIInterfaceOrientationPortraitUpsideDown UIInterfaceOrientationLandscapeLeft UIInterfaceOrientationLandscapeRight";
				INFOPLIST_KEY_UISupportedInterfaceOrientations_iPhone = "UIInterfaceOrientationPortrait UIInterfaceOrientationLandscapeLeft UIInterfaceOrientationLandscapeRight";
				LD_RUNPATH_SEARCH_PATHS = (
					"$(inherited)",
					"@executable_path/Frameworks",
				);
				MARKETING_VERSION = 1.0;
				PRODUCT_BUNDLE_IDENTIFIER = com.sophieimhof.TokenizeText;
				PRODUCT_NAME = "$(TARGET_NAME)";
				SWIFT_EMIT_LOC_STRINGS = YES;
				SWIFT_VERSION = 5.0;
				TARGETED_DEVICE_FAMILY = "1,2";
			};
			name = Debug;
		};
		54774F4227F24D1100E1ECEE /* Release */ = {
			isa = XCBuildConfiguration;
			buildSettings = {
				ASSETCATALOG_COMPILER_APPICON_NAME = AppIcon;
				ASSETCATALOG_COMPILER_GLOBAL_ACCENT_COLOR_NAME = AccentColor;
				CODE_SIGN_STYLE = Automatic;
				CURRENT_PROJECT_VERSION = 1;
				GENERATE_INFOPLIST_FILE = YES;
				INFOPLIST_FILE = TokenizeText/Info.plist;
				INFOPLIST_KEY_UIApplicationSupportsIndirectInputEvents = YES;
				INFOPLIST_KEY_UILaunchStoryboardName = LaunchScreen;
				INFOPLIST_KEY_UIMainStoryboardFile = Main;
				INFOPLIST_KEY_UISupportedInterfaceOrientations_iPad = "UIInterfaceOrientationPortrait UIInterfaceOrientationPortraitUpsideDown UIInterfaceOrientationLandscapeLeft UIInterfaceOrientationLandscapeRight";
				INFOPLIST_KEY_UISupportedInterfaceOrientations_iPhone = "UIInterfaceOrientationPortrait UIInterfaceOrientationLandscapeLeft UIInterfaceOrientationLandscapeRight";
				LD_RUNPATH_SEARCH_PATHS = (
					"$(inherited)",
					"@executable_path/Frameworks",
				);
				MARKETING_VERSION = 1.0;
				PRODUCT_BUNDLE_IDENTIFIER = com.sophieimhof.TokenizeText;
				PRODUCT_NAME = "$(TARGET_NAME)";
				SWIFT_EMIT_LOC_STRINGS = YES;
				SWIFT_VERSION = 5.0;
				TARGETED_DEVICE_FAMILY = "1,2";
			};
			name = Release;
		};
/* End XCBuildConfiguration section */

/* Begin XCConfigurationList section */
		54774F2727F24D0F00E1ECEE /* Build configuration list for PBXProject "TokenizeText" */ = {
			isa = XCConfigurationList;
			buildConfigurations = (
				54774F3E27F24D1100E1ECEE /* Debug */,
				54774F3F27F24D1100E1ECEE /* Release */,
			);
			defaultConfigurationIsVisible = 0;
			defaultConfigurationName = Release;
		};
		54774F4027F24D1100E1ECEE /* Build configuration list for PBXNativeTarget "TokenizeText" */ = {
			isa = XCConfigurationList;
			buildConfigurations = (
				54774F4127F24D1100E1ECEE /* Debug */,
				54774F4227F24D1100E1ECEE /* Release */,
			);
			defaultConfigurationIsVisible = 0;
			defaultConfigurationName = Release;
		};
/* End XCConfigurationList section */
	};
	rootObject = 54774F2427F24D0F00E1ECEE /* Project object */;
}
